// !$*UTF8*$!
{
	archiveVersion = 1;
	classes = {
	};
	objectVersion = 50;
	objects = {

/* Begin PBXBuildFile section */
		4202418F23C873AD00CF9BC1 /* DragWellView.swift in Sources */ = {isa = PBXBuildFile; fileRef = 4202418E23C873AD00CF9BC1 /* DragWellView.swift */; };
		4202419123C883AA00CF9BC1 /* SaveDataDragWellViewController.swift in Sources */ = {isa = PBXBuildFile; fileRef = 4202419023C883AA00CF9BC1 /* SaveDataDragWellViewController.swift */; };
		420875FC22E40F8900DF0278 /* NumberFieldFormatter.swift in Sources */ = {isa = PBXBuildFile; fileRef = 420875FB22E40F8900DF0278 /* NumberFieldFormatter.swift */; };
		421C222A23091135002DBCEF /* Calibri.ttf in Resources */ = {isa = PBXBuildFile; fileRef = 421C222823091134002DBCEF /* Calibri.ttf */; };
		421C222B23091135002DBCEF /* Calibrib.ttf in Resources */ = {isa = PBXBuildFile; fileRef = 421C222923091135002DBCEF /* Calibrib.ttf */; };
		421DBB1B233E07A200DF505B /* DowntimeTutorial.pdf in Resources */ = {isa = PBXBuildFile; fileRef = 421DBB1A233E07A200DF505B /* DowntimeTutorial.pdf */; };
		423F147C23C1838C00DBC100 /* LandsideDowntimeViewController.swift in Sources */ = {isa = PBXBuildFile; fileRef = 423F147B23C1838C00DBC100 /* LandsideDowntimeViewController.swift */; };
		426A436022AE1510004141DA /* VesselDowntimeSpreadsheetGenerator.swift in Sources */ = {isa = PBXBuildFile; fileRef = 426A435F22AE1510004141DA /* VesselDowntimeSpreadsheetGenerator.swift */; };
		426F48A922D44F1300E0C8DD /* VesselDowntimeTextReportGenerator.swift in Sources */ = {isa = PBXBuildFile; fileRef = 426F48A822D44F1300E0C8DD /* VesselDowntimeTextReportGenerator.swift */; };
		42A0851D23C2E7A40075CAFE /* LandsideDowntimeTextReportGenerator.swift in Sources */ = {isa = PBXBuildFile; fileRef = 42A0851C23C2E7A40075CAFE /* LandsideDowntimeTextReportGenerator.swift */; };
		42ADA65922A659F400689489 /* AppDelegate.swift in Sources */ = {isa = PBXBuildFile; fileRef = 42ADA65822A659F400689489 /* AppDelegate.swift */; };
		42ADA65B22A659F400689489 /* VesselDowntimeViewController.swift in Sources */ = {isa = PBXBuildFile; fileRef = 42ADA65A22A659F400689489 /* VesselDowntimeViewController.swift */; };
		42ADA65D22A659F500689489 /* Assets.xcassets in Resources */ = {isa = PBXBuildFile; fileRef = 42ADA65C22A659F500689489 /* Assets.xcassets */; };
		42ADA66022A659F500689489 /* Main.storyboard in Resources */ = {isa = PBXBuildFile; fileRef = 42ADA65E22A659F500689489 /* Main.storyboard */; };
		42CE447F23C183D500290EBC /* LandsideTotalsViewController.swift in Sources */ = {isa = PBXBuildFile; fileRef = 42CE447E23C183D500290EBC /* LandsideTotalsViewController.swift */; };
		42CE448223C191DA00290EBC /* LandsideDowntimeReasonFieldFormatter.swift in Sources */ = {isa = PBXBuildFile; fileRef = 42CE448123C191DA00290EBC /* LandsideDowntimeReasonFieldFormatter.swift */; };
		42D07B962307A43300FAE867 /* VesselDowntimeReasonFieldFormatter.swift in Sources */ = {isa = PBXBuildFile; fileRef = 42D07B952307A43300FAE867 /* VesselDowntimeReasonFieldFormatter.swift */; };
		42E8C5E122ACBCB500544392 /* SharedCode.swift in Sources */ = {isa = PBXBuildFile; fileRef = 42E8C5E022ACBCB500544392 /* SharedCode.swift */; };
		42E8C5E522ACC8B100544392 /* StartTimes.swift in Sources */ = {isa = PBXBuildFile; fileRef = 42E8C5E422ACC8B100544392 /* StartTimes.swift */; };
		42E8C5E722ACD22E00544392 /* EndTimes.swift in Sources */ = {isa = PBXBuildFile; fileRef = 42E8C5E622ACD22E00544392 /* EndTimes.swift */; };
		42E8C5E922ACDADA00544392 /* EnteredTotalTimes.swift in Sources */ = {isa = PBXBuildFile; fileRef = 42E8C5E822ACDADA00544392 /* EnteredTotalTimes.swift */; };
		42F32DCB22B4DC0800976FFC /* CategoryComboTableCellView.swift in Sources */ = {isa = PBXBuildFile; fileRef = 42F32DCA22B4DC0800976FFC /* CategoryComboTableCellView.swift */; };
		42F32DCD22B4E38300976FFC /* TableTotalTimes.swift in Sources */ = {isa = PBXBuildFile; fileRef = 42F32DCC22B4E38300976FFC /* TableTotalTimes.swift */; };
		42F32DCF22B4E4CA00976FFC /* TotalTimesTableCellView.swift in Sources */ = {isa = PBXBuildFile; fileRef = 42F32DCE22B4E4CA00976FFC /* TotalTimesTableCellView.swift */; };
/* End PBXBuildFile section */

/* Begin PBXFileReference section */
		4202418E23C873AD00CF9BC1 /* DragWellView.swift */ = {isa = PBXFileReference; fileEncoding = 4; lastKnownFileType = sourcecode.swift; path = DragWellView.swift; sourceTree = "<group>"; };
		4202419023C883AA00CF9BC1 /* SaveDataDragWellViewController.swift */ = {isa = PBXFileReference; lastKnownFileType = sourcecode.swift; path = SaveDataDragWellViewController.swift; sourceTree = "<group>"; };
		420875FB22E40F8900DF0278 /* NumberFieldFormatter.swift */ = {isa = PBXFileReference; lastKnownFileType = sourcecode.swift; path = NumberFieldFormatter.swift; sourceTree = "<group>"; };
		421C222823091134002DBCEF /* Calibri.ttf */ = {isa = PBXFileReference; lastKnownFileType = file; path = Calibri.ttf; sourceTree = "<group>"; };
		421C222923091135002DBCEF /* Calibrib.ttf */ = {isa = PBXFileReference; lastKnownFileType = file; path = Calibrib.ttf; sourceTree = "<group>"; };
		421DBB1A233E07A200DF505B /* DowntimeTutorial.pdf */ = {isa = PBXFileReference; lastKnownFileType = image.pdf; path = DowntimeTutorial.pdf; sourceTree = "<group>"; };
		423F147B23C1838C00DBC100 /* LandsideDowntimeViewController.swift */ = {isa = PBXFileReference; lastKnownFileType = sourcecode.swift; path = LandsideDowntimeViewController.swift; sourceTree = "<group>"; };
		426A435F22AE1510004141DA /* VesselDowntimeSpreadsheetGenerator.swift */ = {isa = PBXFileReference; lastKnownFileType = sourcecode.swift; path = VesselDowntimeSpreadsheetGenerator.swift; sourceTree = "<group>"; };
		426F48A822D44F1300E0C8DD /* VesselDowntimeTextReportGenerator.swift */ = {isa = PBXFileReference; lastKnownFileType = sourcecode.swift; path = VesselDowntimeTextReportGenerator.swift; sourceTree = "<group>"; };
		42A0851C23C2E7A40075CAFE /* LandsideDowntimeTextReportGenerator.swift */ = {isa = PBXFileReference; lastKnownFileType = sourcecode.swift; path = LandsideDowntimeTextReportGenerator.swift; sourceTree = "<group>"; };
		42ADA65522A659F400689489 /* Downtime.app */ = {isa = PBXFileReference; explicitFileType = wrapper.application; includeInIndex = 0; path = Downtime.app; sourceTree = BUILT_PRODUCTS_DIR; };
		42ADA65822A659F400689489 /* AppDelegate.swift */ = {isa = PBXFileReference; lastKnownFileType = sourcecode.swift; path = AppDelegate.swift; sourceTree = "<group>"; };
		42ADA65A22A659F400689489 /* VesselDowntimeViewController.swift */ = {isa = PBXFileReference; lastKnownFileType = sourcecode.swift; path = VesselDowntimeViewController.swift; sourceTree = "<group>"; };
		42ADA65C22A659F500689489 /* Assets.xcassets */ = {isa = PBXFileReference; lastKnownFileType = folder.assetcatalog; path = Assets.xcassets; sourceTree = "<group>"; };
		42ADA65F22A659F500689489 /* Base */ = {isa = PBXFileReference; lastKnownFileType = file.storyboard; name = Base; path = Base.lproj/Main.storyboard; sourceTree = "<group>"; };
		42ADA66122A659F500689489 /* Info.plist */ = {isa = PBXFileReference; lastKnownFileType = text.plist.xml; path = Info.plist; sourceTree = "<group>"; };
		42ADA66222A659F500689489 /* Downtime.entitlements */ = {isa = PBXFileReference; lastKnownFileType = text.plist.entitlements; path = Downtime.entitlements; sourceTree = "<group>"; };
		42CE447E23C183D500290EBC /* LandsideTotalsViewController.swift */ = {isa = PBXFileReference; lastKnownFileType = sourcecode.swift; path = LandsideTotalsViewController.swift; sourceTree = "<group>"; };
		42CE448123C191DA00290EBC /* LandsideDowntimeReasonFieldFormatter.swift */ = {isa = PBXFileReference; lastKnownFileType = sourcecode.swift; path = LandsideDowntimeReasonFieldFormatter.swift; sourceTree = "<group>"; };
		42D07B952307A43300FAE867 /* VesselDowntimeReasonFieldFormatter.swift */ = {isa = PBXFileReference; lastKnownFileType = sourcecode.swift; path = VesselDowntimeReasonFieldFormatter.swift; sourceTree = "<group>"; };
		42E8C5E022ACBCB500544392 /* SharedCode.swift */ = {isa = PBXFileReference; lastKnownFileType = sourcecode.swift; path = SharedCode.swift; sourceTree = "<group>"; };
		42E8C5E422ACC8B100544392 /* StartTimes.swift */ = {isa = PBXFileReference; lastKnownFileType = sourcecode.swift; path = StartTimes.swift; sourceTree = "<group>"; };
		42E8C5E622ACD22E00544392 /* EndTimes.swift */ = {isa = PBXFileReference; lastKnownFileType = sourcecode.swift; path = EndTimes.swift; sourceTree = "<group>"; };
		42E8C5E822ACDADA00544392 /* EnteredTotalTimes.swift */ = {isa = PBXFileReference; lastKnownFileType = sourcecode.swift; path = EnteredTotalTimes.swift; sourceTree = "<group>"; };
		42F32DCA22B4DC0800976FFC /* CategoryComboTableCellView.swift */ = {isa = PBXFileReference; lastKnownFileType = sourcecode.swift; path = CategoryComboTableCellView.swift; sourceTree = "<group>"; };
		42F32DCC22B4E38300976FFC /* TableTotalTimes.swift */ = {isa = PBXFileReference; lastKnownFileType = sourcecode.swift; path = TableTotalTimes.swift; sourceTree = "<group>"; };
		42F32DCE22B4E4CA00976FFC /* TotalTimesTableCellView.swift */ = {isa = PBXFileReference; lastKnownFileType = sourcecode.swift; path = TotalTimesTableCellView.swift; sourceTree = "<group>"; };
/* End PBXFileReference section */

/* Begin PBXFrameworksBuildPhase section */
		42ADA65222A659F400689489 /* Frameworks */ = {
			isa = PBXFrameworksBuildPhase;
			buildActionMask = 2147483647;
			files = (
			);
			runOnlyForDeploymentPostprocessing = 0;
		};
/* End PBXFrameworksBuildPhase section */

/* Begin PBXGroup section */
		421C222523091115002DBCEF /* Fonts */ = {
			isa = PBXGroup;
			children = (
				421C222823091134002DBCEF /* Calibri.ttf */,
				421C222923091135002DBCEF /* Calibrib.ttf */,
			);
			path = Fonts;
			sourceTree = "<group>";
		};
		423F147923C1831700DBC100 /* Landside */ = {
			isa = PBXGroup;
			children = (
				423F147B23C1838C00DBC100 /* LandsideDowntimeViewController.swift */,
				42CE447E23C183D500290EBC /* LandsideTotalsViewController.swift */,
				42A0851C23C2E7A40075CAFE /* LandsideDowntimeTextReportGenerator.swift */,
			);
			path = Landside;
			sourceTree = "<group>";
		};
		423F147A23C1833A00DBC100 /* Supporting Classes */ = {
			isa = PBXGroup;
			children = (
				420875FB22E40F8900DF0278 /* NumberFieldFormatter.swift */,
				42E8C5E422ACC8B100544392 /* StartTimes.swift */,
				42E8C5E622ACD22E00544392 /* EndTimes.swift */,
				42F32DCA22B4DC0800976FFC /* CategoryComboTableCellView.swift */,
				42F32DCE22B4E4CA00976FFC /* TotalTimesTableCellView.swift */,
				42D07B952307A43300FAE867 /* VesselDowntimeReasonFieldFormatter.swift */,
				42CE448123C191DA00290EBC /* LandsideDowntimeReasonFieldFormatter.swift */,
			);
			path = "Supporting Classes";
			sourceTree = "<group>";
		};
		42ADA64C22A659F400689489 = {
			isa = PBXGroup;
			children = (
				42ADA65722A659F400689489 /* Downtime */,
				42ADA65622A659F400689489 /* Products */,
			);
			sourceTree = "<group>";
		};
		42ADA65622A659F400689489 /* Products */ = {
			isa = PBXGroup;
			children = (
				42ADA65522A659F400689489 /* Downtime.app */,
			);
			name = Products;
			sourceTree = "<group>";
		};
		42ADA65722A659F400689489 /* Downtime */ = {
			isa = PBXGroup;
			children = (
				42ADA65822A659F400689489 /* AppDelegate.swift */,
				42E8C5E022ACBCB500544392 /* SharedCode.swift */,
				4202418E23C873AD00CF9BC1 /* DragWellView.swift */,
				4202419023C883AA00CF9BC1 /* SaveDataDragWellViewController.swift */,
				42E8C5E222ACC87500544392 /* Vessel */,
				423F147923C1831700DBC100 /* Landside */,
				423F147A23C1833A00DBC100 /* Supporting Classes */,
				421C222523091115002DBCEF /* Fonts */,
				42ADA65C22A659F500689489 /* Assets.xcassets */,
				42ADA65E22A659F500689489 /* Main.storyboard */,
				42ADA66122A659F500689489 /* Info.plist */,
				42ADA66222A659F500689489 /* Downtime.entitlements */,
				421DBB1A233E07A200DF505B /* DowntimeTutorial.pdf */,
			);
			path = Downtime;
			sourceTree = "<group>";
		};
		42E8C5E222ACC87500544392 /* Vessel */ = {
			isa = PBXGroup;
			children = (
				42ADA65A22A659F400689489 /* VesselDowntimeViewController.swift */,
				426F48A822D44F1300E0C8DD /* VesselDowntimeTextReportGenerator.swift */,
				426A435F22AE1510004141DA /* VesselDowntimeSpreadsheetGenerator.swift */,
				42E8C5E322ACC88500544392 /* DataSources */,
			);
			path = Vessel;
			sourceTree = "<group>";
		};
		42E8C5E322ACC88500544392 /* DataSources */ = {
			isa = PBXGroup;
			children = (
				42E8C5E822ACDADA00544392 /* EnteredTotalTimes.swift */,
				42F32DCC22B4E38300976FFC /* TableTotalTimes.swift */,
			);
			path = DataSources;
			sourceTree = "<group>";
		};
/* End PBXGroup section */

/* Begin PBXNativeTarget section */
		42ADA65422A659F400689489 /* Downtime */ = {
			isa = PBXNativeTarget;
			buildConfigurationList = 42ADA66522A659F500689489 /* Build configuration list for PBXNativeTarget "Downtime" */;
			buildPhases = (
				42ADA65122A659F400689489 /* Sources */,
				42ADA65222A659F400689489 /* Frameworks */,
				42ADA65322A659F400689489 /* Resources */,
			);
			buildRules = (
			);
			dependencies = (
			);
			name = Downtime;
			productName = Downtime;
			productReference = 42ADA65522A659F400689489 /* Downtime.app */;
			productType = "com.apple.product-type.application";
		};
/* End PBXNativeTarget section */

/* Begin PBXProject section */
		42ADA64D22A659F400689489 /* Project object */ = {
			isa = PBXProject;
			attributes = {
				LastSwiftUpdateCheck = 1020;
				LastUpgradeCheck = 1020;
				ORGANIZATIONNAME = "Joshua Kraft";
				TargetAttributes = {
					42ADA65422A659F400689489 = {
						CreatedOnToolsVersion = 10.2.1;
					};
				};
			};
			buildConfigurationList = 42ADA65022A659F400689489 /* Build configuration list for PBXProject "Downtime" */;
			compatibilityVersion = "Xcode 9.3";
			developmentRegion = en;
			hasScannedForEncodings = 0;
			knownRegions = (
				en,
				Base,
			);
			mainGroup = 42ADA64C22A659F400689489;
			productRefGroup = 42ADA65622A659F400689489 /* Products */;
			projectDirPath = "";
			projectRoot = "";
			targets = (
				42ADA65422A659F400689489 /* Downtime */,
			);
		};
/* End PBXProject section */

/* Begin PBXResourcesBuildPhase section */
		42ADA65322A659F400689489 /* Resources */ = {
			isa = PBXResourcesBuildPhase;
			buildActionMask = 2147483647;
			files = (
				421C222B23091135002DBCEF /* Calibrib.ttf in Resources */,
				42ADA65D22A659F500689489 /* Assets.xcassets in Resources */,
				421C222A23091135002DBCEF /* Calibri.ttf in Resources */,
				421DBB1B233E07A200DF505B /* DowntimeTutorial.pdf in Resources */,
				42ADA66022A659F500689489 /* Main.storyboard in Resources */,
			);
			runOnlyForDeploymentPostprocessing = 0;
		};
/* End PBXResourcesBuildPhase section */

/* Begin PBXSourcesBuildPhase section */
		42ADA65122A659F400689489 /* Sources */ = {
			isa = PBXSourcesBuildPhase;
			buildActionMask = 2147483647;
			files = (
				4202419123C883AA00CF9BC1 /* SaveDataDragWellViewController.swift in Sources */,
				42CE448223C191DA00290EBC /* LandsideDowntimeReasonFieldFormatter.swift in Sources */,
				426A436022AE1510004141DA /* VesselDowntimeSpreadsheetGenerator.swift in Sources */,
				42E8C5E122ACBCB500544392 /* SharedCode.swift in Sources */,
				42ADA65B22A659F400689489 /* VesselDowntimeViewController.swift in Sources */,
				423F147C23C1838C00DBC100 /* LandsideDowntimeViewController.swift in Sources */,
				42ADA65922A659F400689489 /* AppDelegate.swift in Sources */,
				42A0851D23C2E7A40075CAFE /* LandsideDowntimeTextReportGenerator.swift in Sources */,
				42E8C5E922ACDADA00544392 /* EnteredTotalTimes.swift in Sources */,
				42F32DCD22B4E38300976FFC /* TableTotalTimes.swift in Sources */,
				42E8C5E522ACC8B100544392 /* StartTimes.swift in Sources */,
				42F32DCF22B4E4CA00976FFC /* TotalTimesTableCellView.swift in Sources */,
				42CE447F23C183D500290EBC /* LandsideTotalsViewController.swift in Sources */,
				4202418F23C873AD00CF9BC1 /* DragWellView.swift in Sources */,
				42F32DCB22B4DC0800976FFC /* CategoryComboTableCellView.swift in Sources */,
				42E8C5E722ACD22E00544392 /* EndTimes.swift in Sources */,
				420875FC22E40F8900DF0278 /* NumberFieldFormatter.swift in Sources */,
				42D07B962307A43300FAE867 /* VesselDowntimeReasonFieldFormatter.swift in Sources */,
				426F48A922D44F1300E0C8DD /* VesselDowntimeTextReportGenerator.swift in Sources */,
			);
			runOnlyForDeploymentPostprocessing = 0;
		};
/* End PBXSourcesBuildPhase section */

/* Begin PBXVariantGroup section */
		42ADA65E22A659F500689489 /* Main.storyboard */ = {
			isa = PBXVariantGroup;
			children = (
				42ADA65F22A659F500689489 /* Base */,
			);
			name = Main.storyboard;
			sourceTree = "<group>";
		};
/* End PBXVariantGroup section */

/* Begin XCBuildConfiguration section */
		42ADA66322A659F500689489 /* Debug */ = {
			isa = XCBuildConfiguration;
			buildSettings = {
				ALWAYS_SEARCH_USER_PATHS = NO;
				CLANG_ANALYZER_NONNULL = YES;
				CLANG_ANALYZER_NUMBER_OBJECT_CONVERSION = YES_AGGRESSIVE;
				CLANG_CXX_LANGUAGE_STANDARD = "gnu++14";
				CLANG_CXX_LIBRARY = "libc++";
				CLANG_ENABLE_MODULES = YES;
				CLANG_ENABLE_OBJC_ARC = YES;
				CLANG_ENABLE_OBJC_WEAK = YES;
				CLANG_WARN_BLOCK_CAPTURE_AUTORELEASING = YES;
				CLANG_WARN_BOOL_CONVERSION = YES;
				CLANG_WARN_COMMA = YES;
				CLANG_WARN_CONSTANT_CONVERSION = YES;
				CLANG_WARN_DEPRECATED_OBJC_IMPLEMENTATIONS = YES;
				CLANG_WARN_DIRECT_OBJC_ISA_USAGE = YES_ERROR;
				CLANG_WARN_DOCUMENTATION_COMMENTS = YES;
				CLANG_WARN_EMPTY_BODY = YES;
				CLANG_WARN_ENUM_CONVERSION = YES;
				CLANG_WARN_INFINITE_RECURSION = YES;
				CLANG_WARN_INT_CONVERSION = YES;
				CLANG_WARN_NON_LITERAL_NULL_CONVERSION = YES;
				CLANG_WARN_OBJC_IMPLICIT_RETAIN_SELF = YES;
				CLANG_WARN_OBJC_LITERAL_CONVERSION = YES;
				CLANG_WARN_OBJC_ROOT_CLASS = YES_ERROR;
				CLANG_WARN_RANGE_LOOP_ANALYSIS = YES;
				CLANG_WARN_STRICT_PROTOTYPES = YES;
				CLANG_WARN_SUSPICIOUS_MOVE = YES;
				CLANG_WARN_UNGUARDED_AVAILABILITY = YES_AGGRESSIVE;
				CLANG_WARN_UNREACHABLE_CODE = YES;
				CLANG_WARN__DUPLICATE_METHOD_MATCH = YES;
				CODE_SIGN_IDENTITY = "Mac Developer";
				COPY_PHASE_STRIP = NO;
				DEBUG_INFORMATION_FORMAT = dwarf;
				ENABLE_STRICT_OBJC_MSGSEND = YES;
				ENABLE_TESTABILITY = YES;
				GCC_C_LANGUAGE_STANDARD = gnu11;
				GCC_DYNAMIC_NO_PIC = NO;
				GCC_NO_COMMON_BLOCKS = YES;
				GCC_OPTIMIZATION_LEVEL = 0;
				GCC_PREPROCESSOR_DEFINITIONS = (
					"DEBUG=1",
					"$(inherited)",
				);
				GCC_WARN_64_TO_32_BIT_CONVERSION = YES;
				GCC_WARN_ABOUT_RETURN_TYPE = YES_ERROR;
				GCC_WARN_UNDECLARED_SELECTOR = YES;
				GCC_WARN_UNINITIALIZED_AUTOS = YES_AGGRESSIVE;
				GCC_WARN_UNUSED_FUNCTION = YES;
				GCC_WARN_UNUSED_VARIABLE = YES;
				MACOSX_DEPLOYMENT_TARGET = 10.14;
				MTL_ENABLE_DEBUG_INFO = INCLUDE_SOURCE;
				MTL_FAST_MATH = YES;
				ONLY_ACTIVE_ARCH = YES;
				SDKROOT = macosx;
				SWIFT_ACTIVE_COMPILATION_CONDITIONS = DEBUG;
				SWIFT_OPTIMIZATION_LEVEL = "-Onone";
			};
			name = Debug;
		};
		42ADA66422A659F500689489 /* Release */ = {
			isa = XCBuildConfiguration;
			buildSettings = {
				ALWAYS_SEARCH_USER_PATHS = NO;
				CLANG_ANALYZER_NONNULL = YES;
				CLANG_ANALYZER_NUMBER_OBJECT_CONVERSION = YES_AGGRESSIVE;
				CLANG_CXX_LANGUAGE_STANDARD = "gnu++14";
				CLANG_CXX_LIBRARY = "libc++";
				CLANG_ENABLE_MODULES = YES;
				CLANG_ENABLE_OBJC_ARC = YES;
				CLANG_ENABLE_OBJC_WEAK = YES;
				CLANG_WARN_BLOCK_CAPTURE_AUTORELEASING = YES;
				CLANG_WARN_BOOL_CONVERSION = YES;
				CLANG_WARN_COMMA = YES;
				CLANG_WARN_CONSTANT_CONVERSION = YES;
				CLANG_WARN_DEPRECATED_OBJC_IMPLEMENTATIONS = YES;
				CLANG_WARN_DIRECT_OBJC_ISA_USAGE = YES_ERROR;
				CLANG_WARN_DOCUMENTATION_COMMENTS = YES;
				CLANG_WARN_EMPTY_BODY = YES;
				CLANG_WARN_ENUM_CONVERSION = YES;
				CLANG_WARN_INFINITE_RECURSION = YES;
				CLANG_WARN_INT_CONVERSION = YES;
				CLANG_WARN_NON_LITERAL_NULL_CONVERSION = YES;
				CLANG_WARN_OBJC_IMPLICIT_RETAIN_SELF = YES;
				CLANG_WARN_OBJC_LITERAL_CONVERSION = YES;
				CLANG_WARN_OBJC_ROOT_CLASS = YES_ERROR;
				CLANG_WARN_RANGE_LOOP_ANALYSIS = YES;
				CLANG_WARN_STRICT_PROTOTYPES = YES;
				CLANG_WARN_SUSPICIOUS_MOVE = YES;
				CLANG_WARN_UNGUARDED_AVAILABILITY = YES_AGGRESSIVE;
				CLANG_WARN_UNREACHABLE_CODE = YES;
				CLANG_WARN__DUPLICATE_METHOD_MATCH = YES;
				CODE_SIGN_IDENTITY = "Mac Developer";
				COPY_PHASE_STRIP = NO;
				DEBUG_INFORMATION_FORMAT = "dwarf-with-dsym";
				ENABLE_NS_ASSERTIONS = NO;
				ENABLE_STRICT_OBJC_MSGSEND = YES;
				GCC_C_LANGUAGE_STANDARD = gnu11;
				GCC_NO_COMMON_BLOCKS = YES;
				GCC_WARN_64_TO_32_BIT_CONVERSION = YES;
				GCC_WARN_ABOUT_RETURN_TYPE = YES_ERROR;
				GCC_WARN_UNDECLARED_SELECTOR = YES;
				GCC_WARN_UNINITIALIZED_AUTOS = YES_AGGRESSIVE;
				GCC_WARN_UNUSED_FUNCTION = YES;
				GCC_WARN_UNUSED_VARIABLE = YES;
				MACOSX_DEPLOYMENT_TARGET = 10.14;
				MTL_ENABLE_DEBUG_INFO = NO;
				MTL_FAST_MATH = YES;
				SDKROOT = macosx;
				SWIFT_COMPILATION_MODE = wholemodule;
				SWIFT_OPTIMIZATION_LEVEL = "-O";
			};
			name = Release;
		};
		42ADA66622A659F500689489 /* Debug */ = {
			isa = XCBuildConfiguration;
			buildSettings = {
				ASSETCATALOG_COMPILER_APPICON_NAME = AppIcon;
				CODE_SIGN_ENTITLEMENTS = Downtime/Downtime.entitlements;
				CODE_SIGN_IDENTITY = "Apple Development";
				CODE_SIGN_STYLE = Automatic;
				COMBINE_HIDPI_IMAGES = YES;
				DEVELOPMENT_TEAM = 575V4XYC4S;
				INFOPLIST_FILE = Downtime/Info.plist;
				LD_RUNPATH_SEARCH_PATHS = (
					"$(inherited)",
					"@executable_path/../Frameworks",
				);
				MARKETING_VERSION = 2.1.1;
				PRODUCT_BUNDLE_IDENTIFIER = com.trapac.Downtime;
				PRODUCT_NAME = "$(TARGET_NAME)";
				SWIFT_VERSION = 5.0;
			};
			name = Debug;
		};
		42ADA66722A659F500689489 /* Release */ = {
			isa = XCBuildConfiguration;
			buildSettings = {
				ASSETCATALOG_COMPILER_APPICON_NAME = AppIcon;
				CODE_SIGN_ENTITLEMENTS = Downtime/Downtime.entitlements;
				CODE_SIGN_IDENTITY = "Apple Development";
				CODE_SIGN_STYLE = Automatic;
				COMBINE_HIDPI_IMAGES = YES;
				DEVELOPMENT_TEAM = 575V4XYC4S;
				INFOPLIST_FILE = Downtime/Info.plist;
				LD_RUNPATH_SEARCH_PATHS = (
					"$(inherited)",
					"@executable_path/../Frameworks",
				);
				MARKETING_VERSION = 2.1.1;
				PRODUCT_BUNDLE_IDENTIFIER = com.trapac.Downtime;
				PRODUCT_NAME = "$(TARGET_NAME)";
				SWIFT_VERSION = 5.0;
			};
			name = Release;
		};
/* End XCBuildConfiguration section */

/* Begin XCConfigurationList section */
		42ADA65022A659F400689489 /* Build configuration list for PBXProject "Downtime" */ = {
			isa = XCConfigurationList;
			buildConfigurations = (
				42ADA66322A659F500689489 /* Debug */,
				42ADA66422A659F500689489 /* Release */,
			);
			defaultConfigurationIsVisible = 0;
			defaultConfigurationName = Release;
		};
		42ADA66522A659F500689489 /* Build configuration list for PBXNativeTarget "Downtime" */ = {
			isa = XCConfigurationList;
			buildConfigurations = (
				42ADA66622A659F500689489 /* Debug */,
				42ADA66722A659F500689489 /* Release */,
			);
			defaultConfigurationIsVisible = 0;
			defaultConfigurationName = Release;
		};
/* End XCConfigurationList section */
	};
	rootObject = 42ADA64D22A659F400689489 /* Project object */;
}
